
Microsoft Visual Studio Solution File, Format Version 12.00
# Visual Studio Version 17
VisualStudioVersion = 17.3.32825.248
MinimumVisualStudioVersion = 10.0.40219.1
Project("{888888A0-9F3D-457C-B088-3A5042F75D52}") = "Scrape_OpenRice", "Scrape_OpenRice.pyproj", "{DEF9173C-3C15-4075-9A95-790DC1D2E2D3}"
EndProject
Global
	GlobalSection(SolutionConfigurationPlatforms) = preSolution
		Debug|Any CPU = Debug|Any CPU
		Release|Any CPU = Release|Any CPU
	EndGlobalSection
	GlobalSection(ProjectConfigurationPlatforms) = postSolution
		{DEF9173C-3C15-4075-9A95-790DC1D2E2D3}.Debug|Any CPU.ActiveCfg = Debug|Any CPU
		{DEF9173C-3C15-4075-9A95-790DC1D2E2D3}.Release|Any CPU.ActiveCfg = Release|Any CPU
	EndGlobalSection
	GlobalSection(SolutionProperties) = preSolution
		HideSolutionNode = FALSE
	EndGlobalSection
	GlobalSection(ExtensibilityGlobals) = postSolution
		SolutionGuid = {0E9AC10D-0EE9-4E94-9292-D92F0DB3E930}
	EndGlobalSection
EndGlobal
